
Microsoft Visual Studio Solution File, Format Version 11.00
# Visual C++ Express 2010
Project("{8BC9CEB8-8B4A-11D0-8D11-00A0C91BC942}") = "japi-vc", "japi-vc\japi-vc.vcxproj", "{CE920C07-A07B-42E2-B461-F98076462F2F}"
	ProjectSection(ProjectDependencies) = postProject
		{40E071D7-F9CD-41B5-8569-A34D93642669} = {40E071D7-F9CD-41B5-8569-A34D93642669}
		{3AB32CE5-F64E-4AE9-BEF1-F72445F555B8} = {3AB32CE5-F64E-4AE9-BEF1-F72445F555B8}
	EndProjectSection
EndProject
Project("{8BC9CEB8-8B4A-11D0-8D11-00A0C91BC942}") = "MWinLib", "MWinLib\MWinLib.vcxproj", "{40E071D7-F9CD-41B5-8569-A34D93642669}"
EndProject
Project("{8BC9CEB8-8B4A-11D0-8D11-00A0C91BC942}") = "MLib", "MLib\MLib.vcxproj", "{3AB32CE5-F64E-4AE9-BEF1-F72445F555B8}"
EndProject
Global
	GlobalSection(SolutionConfigurationPlatforms) = preSolution
		Debug|Win32 = Debug|Win32
		Release|Win32 = Release|Win32
	EndGlobalSection
	GlobalSection(ProjectConfigurationPlatforms) = postSolution
		{CE920C07-A07B-42E2-B461-F98076462F2F}.Debug|Win32.ActiveCfg = Debug|Win32
		{CE920C07-A07B-42E2-B461-F98076462F2F}.Debug|Win32.Build.0 = Debug|Win32
		{CE920C07-A07B-42E2-B461-F98076462F2F}.Release|Win32.ActiveCfg = Release|Win32
		{CE920C07-A07B-42E2-B461-F98076462F2F}.Release|Win32.Build.0 = Release|Win32
		{40E071D7-F9CD-41B5-8569-A34D93642669}.Debug|Win32.ActiveCfg = Debug|Win32
		{40E071D7-F9CD-41B5-8569-A34D93642669}.Debug|Win32.Build.0 = Debug|Win32
		{40E071D7-F9CD-41B5-8569-A34D93642669}.Release|Win32.ActiveCfg = Release|Win32
		{40E071D7-F9CD-41B5-8569-A34D93642669}.Release|Win32.Build.0 = Release|Win32
		{3AB32CE5-F64E-4AE9-BEF1-F72445F555B8}.Debug|Win32.ActiveCfg = Debug|Win32
		{3AB32CE5-F64E-4AE9-BEF1-F72445F555B8}.Debug|Win32.Build.0 = Debug|Win32
		{3AB32CE5-F64E-4AE9-BEF1-F72445F555B8}.Release|Win32.ActiveCfg = Release|Win32
		{3AB32CE5-F64E-4AE9-BEF1-F72445F555B8}.Release|Win32.Build.0 = Release|Win32
	EndGlobalSection
	GlobalSection(SolutionProperties) = preSolution
		HideSolutionNode = FALSE
	EndGlobalSection
EndGlobal
